certifi==2026.7.22 \
    --hash=sha256:62f22742b58a1a33014a2b6b706588a8d7e2a88ae7bd1a6ebe8c992928483775
charset-normalizer==3.5.0 \
    --hash=sha256:82cc5835997ec78afe293a192e385099355770a7db94b2fb1239d36b32796f1c
colorlog==6.12.0 \
    --hash=sha256:30d392604e9110045a2c2aeefc27d7a017abbab63f3a8aee594eac0801df784e
flatbuffers==25.12.19 \
    --hash=sha256:7634f50c427838bb021c2d66a3d1168e9d199b0607e6329399f04846d42e20b4
idna==3.18 \
    --hash=sha256:7f952cbe720b688055e3f87de14f5c3e5fdaa8bc3928985c4077ca689de849a2
numpy==2.5.2 \
    --hash=sha256:318b9a4c845dbea06708a29c84ee429cc3065048db34cdb799047643492050ee
omegaconf==2.4.0.dev13 \
    --hash=sha256:a9725a3b578e9ab4b95bd7413751133287740ee4eeb7644c233821380889fd3d
onnxruntime==1.28.0 \
    --hash=sha256:6afdc83f1317c136e92fc29f5ee9f058de59d87c0b22cee3fdbfbaa0ccc2098a
opencv-python==5.0.0.93 \
    --hash=sha256:c8de2dec111122a02e8beb28e16c31904992dfd6186560b142a92c71403c1039
packaging==26.3 \
    --hash=sha256:d7193f7c8e4e93f444fde0262bf90af30e16fa0ad0ad44cb553c87339b23cd1c
pillow==12.3.0 \
    --hash=sha256:251bf95b67017e27b13d82f5b326234ca62d70f9cf4c2b9032de2358a3b12c7b
protobuf==7.35.1 \
    --hash=sha256:74758715c53d7158fb76caf4f0cfdacc5329a4b1bb994f865d6cf302d413a1c4
pyclipper==1.4.0 \
    --hash=sha256:773c0e06b683214dcfc6711be230c83b03cddebe8a57eae053d4603dd63582f9
PyMuPDF==1.27.2.3 \
    --hash=sha256:857842b4888827bd6155a1131341b2822a7ebe9a8c15a975fd7d490d7a64a30c
pypdf==6.14.2 \
    --hash=sha256:3f07891af76dc002657e04993ab9b4de81de29f9013b9761d0b7968bff12e946
PyYAML==6.0.3 \
    --hash=sha256:c458b6d084f9b935061bc36216e8a69a7e293a2f1e68bf956dcd9e6cbcd143f5
rapidocr==3.9.2 \
    --hash=sha256:04d6b8d151f823d930bd91910555f57bea897c0c44fa6794267b94cf9c1ef9a0
requests==2.34.2 \
    --hash=sha256:2a0d60c172f83ac6ab31e4554906c0f3b3588d37b5cb939b1c061f4907e278e0
shapely==2.1.2 \
    --hash=sha256:21952dc00df38a2c28375659b07a3979d22641aeb104751e769c3ee825aadecf
six==1.17.0 \
    --hash=sha256:4721f391ed90541fddacab5acf947aa0d3dc7d27b2e1e8eda2be8970586c3274
tqdm==4.70.0 \
    --hash=sha256:7f585706bfddbdebf89daac705b2dfcc16890130727d3197ca62c732b4310953
typing_extensions==4.16.0 \
    --hash=sha256:481caa481374e813c1b176ada14e97f1f67a4539ce9cfeb3f350d78d6370c2e8
urllib3==2.7.0 \
    --hash=sha256:9fb4c81ebbb1ce9531cce37674bbc6f1360472bc18ca9a553ede278ef7276897
